// !$*UTF8*$!
{
	archiveVersion = 1;
	classes = {
	};
	objectVersion = 51;
	objects = {

/* Begin PBXBuildFile section */
		0708AAD123FAF4F600E2F238 /* Home.storyboard in Resources */ = {isa = PBXBuildFile; fileRef = 0708AAD023FAF4F600E2F238 /* Home.storyboard */; };
		070FAEC123FB77B80075BF0B /* Profile.storyboard in Resources */ = {isa = PBXBuildFile; fileRef = 070FAEC023FB77B80075BF0B /* Profile.storyboard */; };
		07576A652405817500B3F313 /* MyEventViewController.swift in Sources */ = {isa = PBXBuildFile; fileRef = 07576A642405817500B3F313 /* MyEventViewController.swift */; };
		07576A672406AC3F00B3F313 /* CreateNewEventViewController.swift in Sources */ = {isa = PBXBuildFile; fileRef = 07576A662406AC3F00B3F313 /* CreateNewEventViewController.swift */; };
		0795D52A240D2D0F00C49E0B /* CoreLocation.framework in Frameworks */ = {isa = PBXBuildFile; fileRef = 0795D529240D2D0F00C49E0B /* CoreLocation.framework */; };
		07ABF12224012CAB00E83479 /* Extensions.swift in Sources */ = {isa = PBXBuildFile; fileRef = 07ABF12124012CAB00E83479 /* Extensions.swift */; };
		07ABF1242401333700E83479 /* GoogleService-Info.plist in Resources */ = {isa = PBXBuildFile; fileRef = 07ABF1232401333700E83479 /* GoogleService-Info.plist */; };
		07BE8589240A64F100EE97AE /* EditProfileViewController.swift in Sources */ = {isa = PBXBuildFile; fileRef = 07BE8588240A64F000EE97AE /* EditProfileViewController.swift */; };
		07C4F36223F88DD500A9C4BE /* AppDelegate.swift in Sources */ = {isa = PBXBuildFile; fileRef = 07C4F36123F88DD500A9C4BE /* AppDelegate.swift */; };
		07C4F36723F88DD500A9C4BE /* Login.storyboard in Resources */ = {isa = PBXBuildFile; fileRef = 07C4F36523F88DD500A9C4BE /* Login.storyboard */; };
		07C4F36923F88DD700A9C4BE /* Assets.xcassets in Resources */ = {isa = PBXBuildFile; fileRef = 07C4F36823F88DD700A9C4BE /* Assets.xcassets */; };
		07C4F36C23F88DD700A9C4BE /* LaunchScreen.storyboard in Resources */ = {isa = PBXBuildFile; fileRef = 07C4F36A23F88DD700A9C4BE /* LaunchScreen.storyboard */; };
		07C4F37723F88DD800A9C4BE /* Poshitha_Ravindu_Cobsccomp182p_014Tests.swift in Sources */ = {isa = PBXBuildFile; fileRef = 07C4F37623F88DD800A9C4BE /* Poshitha_Ravindu_Cobsccomp182p_014Tests.swift */; };
		07C4F38223F88DD800A9C4BE /* Poshitha_Ravindu_Cobsccomp182p_014UITests.swift in Sources */ = {isa = PBXBuildFile; fileRef = 07C4F38123F88DD800A9C4BE /* Poshitha_Ravindu_Cobsccomp182p_014UITests.swift */; };
		07C7DB7D23FD576D00E7356E /* RegisterViewController.swift in Sources */ = {isa = PBXBuildFile; fileRef = 07C7DB7C23FD576D00E7356E /* RegisterViewController.swift */; };
		07C7DB8023FD58B200E7356E /* SignInViewController.swift in Sources */ = {isa = PBXBuildFile; fileRef = 07C7DB7F23FD58B200E7356E /* SignInViewController.swift */; };
		07C7DB8623FD5E1800E7356E /* User.swift in Sources */ = {isa = PBXBuildFile; fileRef = 07C7DB8523FD5E1800E7356E /* User.swift */; };
		07C7DB8B23FD6D6400E7356E /* Event.swift in Sources */ = {isa = PBXBuildFile; fileRef = 07C7DB8A23FD6D6400E7356E /* Event.swift */; };
		07C7DB8D23FDA98C00E7356E /* HomeViewController.swift in Sources */ = {isa = PBXBuildFile; fileRef = 07C7DB8C23FDA98C00E7356E /* HomeViewController.swift */; };
		07D1FE20240174150038D2ED /* Constants.swift in Sources */ = {isa = PBXBuildFile; fileRef = 07D1FE1F240174150038D2ED /* Constants.swift */; };
		07D1FE23240180080038D2ED /* RoundedView.swift in Sources */ = {isa = PBXBuildFile; fileRef = 07D1FE22240180080038D2ED /* RoundedView.swift */; };
		07D1FE272401A8410038D2ED /* ForgotPasswordViewController.swift in Sources */ = {isa = PBXBuildFile; fileRef = 07D1FE252401A8410038D2ED /* ForgotPasswordViewController.swift */; };
		07D1FE282401A8410038D2ED /* ForgotPasswordViewController.xib in Resources */ = {isa = PBXBuildFile; fileRef = 07D1FE262401A8410038D2ED /* ForgotPasswordViewController.xib */; };
		07D1FE2A2401B9740038D2ED /* FirebaseUtils.swift in Sources */ = {isa = PBXBuildFile; fileRef = 07D1FE292401B9740038D2ED /* FirebaseUtils.swift */; };
		07D1FE2D24025BA10038D2ED /* EventTableViewCell.swift in Sources */ = {isa = PBXBuildFile; fileRef = 07D1FE2B24025BA10038D2ED /* EventTableViewCell.swift */; };
		07D1FE2E24025BA10038D2ED /* EventTableViewCell.xib in Resources */ = {isa = PBXBuildFile; fileRef = 07D1FE2C24025BA10038D2ED /* EventTableViewCell.xib */; };
		07D1FE302402A76B0038D2ED /* ProfileViewController.swift in Sources */ = {isa = PBXBuildFile; fileRef = 07D1FE2F2402A76B0038D2ED /* ProfileViewController.swift */; };
		18EC115EFA1EABFFFA8F9124 /* Pods_Poshitha_Ravindu_Cobsccomp182p_014Tests.framework in Frameworks */ = {isa = PBXBuildFile; fileRef = 11524A29FC74EFD51E1B9070 /* Pods_Poshitha_Ravindu_Cobsccomp182p_014Tests.framework */; };
		91E2B45B418BD6CD3A409E85 /* Pods_Poshitha_Ravindu_Cobsccomp182p_014.framework in Frameworks */ = {isa = PBXBuildFile; fileRef = 7692A85001F542F3CE0ACEAE /* Pods_Poshitha_Ravindu_Cobsccomp182p_014.framework */; };
		CE92F1EC32208600F2E63FD6 /* Pods_Poshitha_Ravindu_Cobsccomp182p_014_Poshitha_Ravindu_Cobsccomp182p_014UITests.framework in Frameworks */ = {isa = PBXBuildFile; fileRef = 366CAD658CD819D8969A01D8 /* Pods_Poshitha_Ravindu_Cobsccomp182p_014_Poshitha_Ravindu_Cobsccomp182p_014UITests.framework */; };
/* End PBXBuildFile section */

/* Begin PBXContainerItemProxy section */
		07C4F37323F88DD800A9C4BE /* PBXContainerItemProxy */ = {
			isa = PBXContainerItemProxy;
			containerPortal = 07C4F35623F88DD500A9C4BE /* Project object */;
			proxyType = 1;
			remoteGlobalIDString = 07C4F35D23F88DD500A9C4BE;
			remoteInfo = "Poshitha Ravindu-Cobsccomp182p-014";
		};
		07C4F37E23F88DD800A9C4BE /* PBXContainerItemProxy */ = {
			isa = PBXContainerItemProxy;
			containerPortal = 07C4F35623F88DD500A9C4BE /* Project object */;
			proxyType = 1;
			remoteGlobalIDString = 07C4F35D23F88DD500A9C4BE;
			remoteInfo = "Poshitha Ravindu-Cobsccomp182p-014";
		};
/* End PBXContainerItemProxy section */

/* Begin PBXFileReference section */
		0708AAD023FAF4F600E2F238 /* Home.storyboard */ = {isa = PBXFileReference; lastKnownFileType = file.storyboard; path = Home.storyboard; sourceTree = "<group>"; };
		070FAEC023FB77B80075BF0B /* Profile.storyboard */ = {isa = PBXFileReference; lastKnownFileType = file.storyboard; path = Profile.storyboard; sourceTree = "<group>"; };
		07576A642405817500B3F313 /* MyEventViewController.swift */ = {isa = PBXFileReference; lastKnownFileType = sourcecode.swift; path = MyEventViewController.swift; sourceTree = "<group>"; };
		07576A662406AC3F00B3F313 /* CreateNewEventViewController.swift */ = {isa = PBXFileReference; lastKnownFileType = sourcecode.swift; path = CreateNewEventViewController.swift; sourceTree = "<group>"; };
		0795D529240D2D0F00C49E0B /* CoreLocation.framework */ = {isa = PBXFileReference; lastKnownFileType = wrapper.framework; name = CoreLocation.framework; path = System/Library/Frameworks/CoreLocation.framework; sourceTree = SDKROOT; };
		07ABF12124012CAB00E83479 /* Extensions.swift */ = {isa = PBXFileReference; lastKnownFileType = sourcecode.swift; path = Extensions.swift; sourceTree = "<group>"; };
		07ABF1232401333700E83479 /* GoogleService-Info.plist */ = {isa = PBXFileReference; fileEncoding = 4; lastKnownFileType = text.plist.xml; path = "GoogleService-Info.plist"; sourceTree = "<group>"; };
		07BE8588240A64F000EE97AE /* EditProfileViewController.swift */ = {isa = PBXFileReference; lastKnownFileType = sourcecode.swift; path = EditProfileViewController.swift; sourceTree = "<group>"; };
		07C4F35E23F88DD500A9C4BE /* Poshitha Ravindu-Cobsccomp182p-014.app */ = {isa = PBXFileReference; explicitFileType = wrapper.application; includeInIndex = 0; path = "Poshitha Ravindu-Cobsccomp182p-014.app"; sourceTree = BUILT_PRODUCTS_DIR; };
		07C4F36123F88DD500A9C4BE /* AppDelegate.swift */ = {isa = PBXFileReference; lastKnownFileType = sourcecode.swift; path = AppDelegate.swift; sourceTree = "<group>"; };
		07C4F36623F88DD500A9C4BE /* Base */ = {isa = PBXFileReference; lastKnownFileType = file.storyboard; name = Base; path = Base.lproj/Login.storyboard; sourceTree = "<group>"; };
		07C4F36823F88DD700A9C4BE /* Assets.xcassets */ = {isa = PBXFileReference; lastKnownFileType = folder.assetcatalog; path = Assets.xcassets; sourceTree = "<group>"; };
		07C4F36B23F88DD700A9C4BE /* Base */ = {isa = PBXFileReference; lastKnownFileType = file.storyboard; name = Base; path = Base.lproj/LaunchScreen.storyboard; sourceTree = "<group>"; };
		07C4F36D23F88DD700A9C4BE /* Info.plist */ = {isa = PBXFileReference; lastKnownFileType = text.plist.xml; path = Info.plist; sourceTree = "<group>"; };
		07C4F37223F88DD800A9C4BE /* Poshitha Ravindu-Cobsccomp182p-014Tests.xctest */ = {isa = PBXFileReference; explicitFileType = wrapper.cfbundle; includeInIndex = 0; path = "Poshitha Ravindu-Cobsccomp182p-014Tests.xctest"; sourceTree = BUILT_PRODUCTS_DIR; };
		07C4F37623F88DD800A9C4BE /* Poshitha_Ravindu_Cobsccomp182p_014Tests.swift */ = {isa = PBXFileReference; lastKnownFileType = sourcecode.swift; path = Poshitha_Ravindu_Cobsccomp182p_014Tests.swift; sourceTree = "<group>"; };
		07C4F37823F88DD800A9C4BE /* Info.plist */ = {isa = PBXFileReference; lastKnownFileType = text.plist.xml; path = Info.plist; sourceTree = "<group>"; };
		07C4F37D23F88DD800A9C4BE /* Poshitha Ravindu-Cobsccomp182p-014UITests.xctest */ = {isa = PBXFileReference; explicitFileType = wrapper.cfbundle; includeInIndex = 0; path = "Poshitha Ravindu-Cobsccomp182p-014UITests.xctest"; sourceTree = BUILT_PRODUCTS_DIR; };
		07C4F38123F88DD800A9C4BE /* Poshitha_Ravindu_Cobsccomp182p_014UITests.swift */ = {isa = PBXFileReference; lastKnownFileType = sourcecode.swift; path = Poshitha_Ravindu_Cobsccomp182p_014UITests.swift; sourceTree = "<group>"; };
		07C4F38323F88DD800A9C4BE /* Info.plist */ = {isa = PBXFileReference; lastKnownFileType = text.plist.xml; path = Info.plist; sourceTree = "<group>"; };
		07C7DB7C23FD576D00E7356E /* RegisterViewController.swift */ = {isa = PBXFileReference; lastKnownFileType = sourcecode.swift; path = RegisterViewController.swift; sourceTree = "<group>"; };
		07C7DB7F23FD58B200E7356E /* SignInViewController.swift */ = {isa = PBXFileReference; lastKnownFileType = sourcecode.swift; path = SignInViewController.swift; sourceTree = "<group>"; };
		07C7DB8523FD5E1800E7356E /* User.swift */ = {isa = PBXFileReference; lastKnownFileType = sourcecode.swift; path = User.swift; sourceTree = "<group>"; };
		07C7DB8A23FD6D6400E7356E /* Event.swift */ = {isa = PBXFileReference; lastKnownFileType = sourcecode.swift; path = Event.swift; sourceTree = "<group>"; };
		07C7DB8C23FDA98C00E7356E /* HomeViewController.swift */ = {isa = PBXFileReference; lastKnownFileType = sourcecode.swift; path = HomeViewController.swift; sourceTree = "<group>"; };
		07D1FE1F240174150038D2ED /* Constants.swift */ = {isa = PBXFileReference; lastKnownFileType = sourcecode.swift; path = Constants.swift; sourceTree = "<group>"; };
		07D1FE22240180080038D2ED /* RoundedView.swift */ = {isa = PBXFileReference; lastKnownFileType = sourcecode.swift; path = RoundedView.swift; sourceTree = "<group>"; };
		07D1FE252401A8410038D2ED /* ForgotPasswordViewController.swift */ = {isa = PBXFileReference; lastKnownFileType = sourcecode.swift; path = ForgotPasswordViewController.swift; sourceTree = "<group>"; };
		07D1FE262401A8410038D2ED /* ForgotPasswordViewController.xib */ = {isa = PBXFileReference; lastKnownFileType = file.xib; path = ForgotPasswordViewController.xib; sourceTree = "<group>"; };
		07D1FE292401B9740038D2ED /* FirebaseUtils.swift */ = {isa = PBXFileReference; lastKnownFileType = sourcecode.swift; path = FirebaseUtils.swift; sourceTree = "<group>"; };
		07D1FE2B24025BA10038D2ED /* EventTableViewCell.swift */ = {isa = PBXFileReference; lastKnownFileType = sourcecode.swift; path = EventTableViewCell.swift; sourceTree = "<group>"; };
		07D1FE2C24025BA10038D2ED /* EventTableViewCell.xib */ = {isa = PBXFileReference; lastKnownFileType = file.xib; path = EventTableViewCell.xib; sourceTree = "<group>"; };
		07D1FE2F2402A76B0038D2ED /* ProfileViewController.swift */ = {isa = PBXFileReference; lastKnownFileType = sourcecode.swift; path = ProfileViewController.swift; sourceTree = "<group>"; };
		11524A29FC74EFD51E1B9070 /* Pods_Poshitha_Ravindu_Cobsccomp182p_014Tests.framework */ = {isa = PBXFileReference; explicitFileType = wrapper.framework; includeInIndex = 0; path = Pods_Poshitha_Ravindu_Cobsccomp182p_014Tests.framework; sourceTree = BUILT_PRODUCTS_DIR; };
		366CAD658CD819D8969A01D8 /* Pods_Poshitha_Ravindu_Cobsccomp182p_014_Poshitha_Ravindu_Cobsccomp182p_014UITests.framework */ = {isa = PBXFileReference; explicitFileType = wrapper.framework; includeInIndex = 0; path = Pods_Poshitha_Ravindu_Cobsccomp182p_014_Poshitha_Ravindu_Cobsccomp182p_014UITests.framework; sourceTree = BUILT_PRODUCTS_DIR; };
		6084853CAC0D3D3716FB806E /* Pods-Poshitha Ravindu-Cobsccomp182p-014.release.xcconfig */ = {isa = PBXFileReference; includeInIndex = 1; lastKnownFileType = text.xcconfig; name = "Pods-Poshitha Ravindu-Cobsccomp182p-014.release.xcconfig"; path = "Target Support Files/Pods-Poshitha Ravindu-Cobsccomp182p-014/Pods-Poshitha Ravindu-Cobsccomp182p-014.release.xcconfig"; sourceTree = "<group>"; };
		7692A85001F542F3CE0ACEAE /* Pods_Poshitha_Ravindu_Cobsccomp182p_014.framework */ = {isa = PBXFileReference; explicitFileType = wrapper.framework; includeInIndex = 0; path = Pods_Poshitha_Ravindu_Cobsccomp182p_014.framework; sourceTree = BUILT_PRODUCTS_DIR; };
		95A6D908940E80409403BC70 /* Pods-Poshitha Ravindu-Cobsccomp182p-014-Poshitha Ravindu-Cobsccomp182p-014UITests.release.xcconfig */ = {isa = PBXFileReference; includeInIndex = 1; lastKnownFileType = text.xcconfig; name = "Pods-Poshitha Ravindu-Cobsccomp182p-014-Poshitha Ravindu-Cobsccomp182p-014UITests.release.xcconfig"; path = "Target Support Files/Pods-Poshitha Ravindu-Cobsccomp182p-014-Poshitha Ravindu-Cobsccomp182p-014UITests/Pods-Poshitha Ravindu-Cobsccomp182p-014-Poshitha Ravindu-Cobsccomp182p-014UITests.release.xcconfig"; sourceTree = "<group>"; };
		B3107F379D1306B7595A387D /* Pods-Poshitha Ravindu-Cobsccomp182p-014Tests.debug.xcconfig */ = {isa = PBXFileReference; includeInIndex = 1; lastKnownFileType = text.xcconfig; name = "Pods-Poshitha Ravindu-Cobsccomp182p-014Tests.debug.xcconfig"; path = "Target Support Files/Pods-Poshitha Ravindu-Cobsccomp182p-014Tests/Pods-Poshitha Ravindu-Cobsccomp182p-014Tests.debug.xcconfig"; sourceTree = "<group>"; };
		D684E004107D56ECDBAD307C /* Pods-Poshitha Ravindu-Cobsccomp182p-014-Poshitha Ravindu-Cobsccomp182p-014UITests.debug.xcconfig */ = {isa = PBXFileReference; includeInIndex = 1; lastKnownFileType = text.xcconfig; name = "Pods-Poshitha Ravindu-Cobsccomp182p-014-Poshitha Ravindu-Cobsccomp182p-014UITests.debug.xcconfig"; path = "Target Support Files/Pods-Poshitha Ravindu-Cobsccomp182p-014-Poshitha Ravindu-Cobsccomp182p-014UITests/Pods-Poshitha Ravindu-Cobsccomp182p-014-Poshitha Ravindu-Cobsccomp182p-014UITests.debug.xcconfig"; sourceTree = "<group>"; };
		E1F87E79F3A9E2770601B1C7 /* Pods-Poshitha Ravindu-Cobsccomp182p-014Tests.release.xcconfig */ = {isa = PBXFileReference; includeInIndex = 1; lastKnownFileType = text.xcconfig; name = "Pods-Poshitha Ravindu-Cobsccomp182p-014Tests.release.xcconfig"; path = "Target Support Files/Pods-Poshitha Ravindu-Cobsccomp182p-014Tests/Pods-Poshitha Ravindu-Cobsccomp182p-014Tests.release.xcconfig"; sourceTree = "<group>"; };
		EF211736AF9E7C874B510064 /* Pods-Poshitha Ravindu-Cobsccomp182p-014.debug.xcconfig */ = {isa = PBXFileReference; includeInIndex = 1; lastKnownFileType = text.xcconfig; name = "Pods-Poshitha Ravindu-Cobsccomp182p-014.debug.xcconfig"; path = "Target Support Files/Pods-Poshitha Ravindu-Cobsccomp182p-014/Pods-Poshitha Ravindu-Cobsccomp182p-014.debug.xcconfig"; sourceTree = "<group>"; };
/* End PBXFileReference section */

/* Begin PBXFrameworksBuildPhase section */
		07C4F35B23F88DD500A9C4BE /* Frameworks */ = {
			isa = PBXFrameworksBuildPhase;
			buildActionMask = 2147483647;
			files = (
				0795D52A240D2D0F00C49E0B /* CoreLocation.framework in Frameworks */,
				91E2B45B418BD6CD3A409E85 /* Pods_Poshitha_Ravindu_Cobsccomp182p_014.framework in Frameworks */,
			);
			runOnlyForDeploymentPostprocessing = 0;
		};
		07C4F36F23F88DD800A9C4BE /* Frameworks */ = {
			isa = PBXFrameworksBuildPhase;
			buildActionMask = 2147483647;
			files = (
				18EC115EFA1EABFFFA8F9124 /* Pods_Poshitha_Ravindu_Cobsccomp182p_014Tests.framework in Frameworks */,
			);
			runOnlyForDeploymentPostprocessing = 0;
		};
		07C4F37A23F88DD800A9C4BE /* Frameworks */ = {
			isa = PBXFrameworksBuildPhase;
			buildActionMask = 2147483647;
			files = (
				CE92F1EC32208600F2E63FD6 /* Pods_Poshitha_Ravindu_Cobsccomp182p_014_Poshitha_Ravindu_Cobsccomp182p_014UITests.framework in Frameworks */,
			);
			runOnlyForDeploymentPostprocessing = 0;
		};
/* End PBXFrameworksBuildPhase section */

/* Begin PBXGroup section */
		076162D523F909F400B16A17 /* Models */ = {
			isa = PBXGroup;
			children = (
				07C7DB8523FD5E1800E7356E /* User.swift */,
				07C7DB8A23FD6D6400E7356E /* Event.swift */,
			);
			path = Models;
			sourceTree = "<group>";
		};
		076162D623F90A5600B16A17 /* Controllers */ = {
			isa = PBXGroup;
			children = (
				07D1FE252401A8410038D2ED /* ForgotPasswordViewController.swift */,
				07C7DB7C23FD576D00E7356E /* RegisterViewController.swift */,
				07C7DB7F23FD58B200E7356E /* SignInViewController.swift */,
				07C7DB8C23FDA98C00E7356E /* HomeViewController.swift */,
				07D1FE2F2402A76B0038D2ED /* ProfileViewController.swift */,
				07576A642405817500B3F313 /* MyEventViewController.swift */,
				07BE8588240A64F000EE97AE /* EditProfileViewController.swift */,
				07576A662406AC3F00B3F313 /* CreateNewEventViewController.swift */,
			);
			path = Controllers;
			sourceTree = "<group>";
		};
		076162D923F90A8000B16A17 /* SupportingFiles */ = {
			isa = PBXGroup;
			children = (
				07C4F36123F88DD500A9C4BE /* AppDelegate.swift */,
				07C4F36823F88DD700A9C4BE /* Assets.xcassets */,
				07C4F36D23F88DD700A9C4BE /* Info.plist */,
				07ABF1232401333700E83479 /* GoogleService-Info.plist */,
			);
			path = SupportingFiles;
			sourceTree = "<group>";
		};
		076162DC23F90C3E00B16A17 /* Storyboards */ = {
			isa = PBXGroup;
			children = (
				07C4F36A23F88DD700A9C4BE /* LaunchScreen.storyboard */,
				07C4F36523F88DD500A9C4BE /* Login.storyboard */,
				0708AAD023FAF4F600E2F238 /* Home.storyboard */,
				070FAEC023FB77B80075BF0B /* Profile.storyboard */,
			);
			path = Storyboards;
			sourceTree = "<group>";
		};
		07ABF11C24012A3400E83479 /* Utils */ = {
			isa = PBXGroup;
			children = (
				07ABF12124012CAB00E83479 /* Extensions.swift */,
				07D1FE1F240174150038D2ED /* Constants.swift */,
				07D1FE292401B9740038D2ED /* FirebaseUtils.swift */,
			);
			path = Utils;
			sourceTree = "<group>";
		};
		07C4F35523F88DD500A9C4BE = {
			isa = PBXGroup;
			children = (
				B6FE9D3DE686D5E96E753660 /* Frameworks */,
				73BCE76BD42E0BE029331B5C /* Pods */,
				07C4F36023F88DD500A9C4BE /* Poshitha Ravindu-Cobsccomp182p-014 */,
				07C4F37523F88DD800A9C4BE /* Poshitha Ravindu-Cobsccomp182p-014Tests */,
				07C4F38023F88DD800A9C4BE /* Poshitha Ravindu-Cobsccomp182p-014UITests */,
				07C4F35F23F88DD500A9C4BE /* Products */,
			);
			sourceTree = "<group>";
		};
		07C4F35F23F88DD500A9C4BE /* Products */ = {
			isa = PBXGroup;
			children = (
				07C4F35E23F88DD500A9C4BE /* Poshitha Ravindu-Cobsccomp182p-014.app */,
				07C4F37223F88DD800A9C4BE /* Poshitha Ravindu-Cobsccomp182p-014Tests.xctest */,
				07C4F37D23F88DD800A9C4BE /* Poshitha Ravindu-Cobsccomp182p-014UITests.xctest */,
			);
			name = Products;
			sourceTree = "<group>";
		};
		07C4F36023F88DD500A9C4BE /* Poshitha Ravindu-Cobsccomp182p-014 */ = {
			isa = PBXGroup;
			children = (
				07D1FE242401A8040038D2ED /* XIBs */,
				07ABF11C24012A3400E83479 /* Utils */,
				076162D623F90A5600B16A17 /* Controllers */,
				076162D523F909F400B16A17 /* Models */,
				076162DC23F90C3E00B16A17 /* Storyboards */,
				076162D923F90A8000B16A17 /* SupportingFiles */,
				07C7DB8223FD5B0E00E7356E /* View */,
			);
			path = "Poshitha Ravindu-Cobsccomp182p-014";
			sourceTree = "<group>";
		};
		07C4F37523F88DD800A9C4BE /* Poshitha Ravindu-Cobsccomp182p-014Tests */ = {
			isa = PBXGroup;
			children = (
				07C4F37623F88DD800A9C4BE /* Poshitha_Ravindu_Cobsccomp182p_014Tests.swift */,
				07C4F37823F88DD800A9C4BE /* Info.plist */,
			);
			path = "Poshitha Ravindu-Cobsccomp182p-014Tests";
			sourceTree = "<group>";
		};
		07C4F38023F88DD800A9C4BE /* Poshitha Ravindu-Cobsccomp182p-014UITests */ = {
			isa = PBXGroup;
			children = (
				07C4F38123F88DD800A9C4BE /* Poshitha_Ravindu_Cobsccomp182p_014UITests.swift */,
				07C4F38323F88DD800A9C4BE /* Info.plist */,
			);
			path = "Poshitha Ravindu-Cobsccomp182p-014UITests";
			sourceTree = "<group>";
		};
		07C7DB8223FD5B0E00E7356E /* View */ = {
			isa = PBXGroup;
			children = (
				07D1FE22240180080038D2ED /* RoundedView.swift */,
				07D1FE2B24025BA10038D2ED /* EventTableViewCell.swift */,
			);
			path = View;
			sourceTree = "<group>";
		};
		07D1FE242401A8040038D2ED /* XIBs */ = {
			isa = PBXGroup;
			children = (
				07D1FE2C24025BA10038D2ED /* EventTableViewCell.xib */,
				07D1FE262401A8410038D2ED /* ForgotPasswordViewController.xib */,
			);
			path = XIBs;
			sourceTree = "<group>";
		};
		73BCE76BD42E0BE029331B5C /* Pods */ = {
			isa = PBXGroup;
			children = (
				EF211736AF9E7C874B510064 /* Pods-Poshitha Ravindu-Cobsccomp182p-014.debug.xcconfig */,
				6084853CAC0D3D3716FB806E /* Pods-Poshitha Ravindu-Cobsccomp182p-014.release.xcconfig */,
				D684E004107D56ECDBAD307C /* Pods-Poshitha Ravindu-Cobsccomp182p-014-Poshitha Ravindu-Cobsccomp182p-014UITests.debug.xcconfig */,
				95A6D908940E80409403BC70 /* Pods-Poshitha Ravindu-Cobsccomp182p-014-Poshitha Ravindu-Cobsccomp182p-014UITests.release.xcconfig */,
				B3107F379D1306B7595A387D /* Pods-Poshitha Ravindu-Cobsccomp182p-014Tests.debug.xcconfig */,
				E1F87E79F3A9E2770601B1C7 /* Pods-Poshitha Ravindu-Cobsccomp182p-014Tests.release.xcconfig */,
			);
			path = Pods;
			sourceTree = "<group>";
		};
		B6FE9D3DE686D5E96E753660 /* Frameworks */ = {
			isa = PBXGroup;
			children = (
				0795D529240D2D0F00C49E0B /* CoreLocation.framework */,
				7692A85001F542F3CE0ACEAE /* Pods_Poshitha_Ravindu_Cobsccomp182p_014.framework */,
				366CAD658CD819D8969A01D8 /* Pods_Poshitha_Ravindu_Cobsccomp182p_014_Poshitha_Ravindu_Cobsccomp182p_014UITests.framework */,
				11524A29FC74EFD51E1B9070 /* Pods_Poshitha_Ravindu_Cobsccomp182p_014Tests.framework */,
			);
			name = Frameworks;
			sourceTree = "<group>";
		};
/* End PBXGroup section */

/* Begin PBXNativeTarget section */
		07C4F35D23F88DD500A9C4BE /* Poshitha Ravindu-Cobsccomp182p-014 */ = {
			isa = PBXNativeTarget;
			buildConfigurationList = 07C4F38623F88DD800A9C4BE /* Build configuration list for PBXNativeTarget "Poshitha Ravindu-Cobsccomp182p-014" */;
			buildPhases = (
				41F47408F94BCC22D301210D /* [CP] Check Pods Manifest.lock */,
				07C4F35A23F88DD500A9C4BE /* Sources */,
				07C4F35B23F88DD500A9C4BE /* Frameworks */,
				07C4F35C23F88DD500A9C4BE /* Resources */,
				931CF7793C7F6F3843840B2D /* [CP] Embed Pods Frameworks */,
			);
			buildRules = (
			);
			dependencies = (
			);
			name = "Poshitha Ravindu-Cobsccomp182p-014";
			productName = "Poshitha Ravindu-Cobsccomp182p-014";
			productReference = 07C4F35E23F88DD500A9C4BE /* Poshitha Ravindu-Cobsccomp182p-014.app */;
			productType = "com.apple.product-type.application";
		};
		07C4F37123F88DD800A9C4BE /* Poshitha Ravindu-Cobsccomp182p-014Tests */ = {
			isa = PBXNativeTarget;
			buildConfigurationList = 07C4F38923F88DD800A9C4BE /* Build configuration list for PBXNativeTarget "Poshitha Ravindu-Cobsccomp182p-014Tests" */;
			buildPhases = (
				2C726BBF5A73E6281491C92D /* [CP] Check Pods Manifest.lock */,
				07C4F36E23F88DD800A9C4BE /* Sources */,
				07C4F36F23F88DD800A9C4BE /* Frameworks */,
				07C4F37023F88DD800A9C4BE /* Resources */,
			);
			buildRules = (
			);
			dependencies = (
				07C4F37423F88DD800A9C4BE /* PBXTargetDependency */,
			);
			name = "Poshitha Ravindu-Cobsccomp182p-014Tests";
			productName = "Poshitha Ravindu-Cobsccomp182p-014Tests";
			productReference = 07C4F37223F88DD800A9C4BE /* Poshitha Ravindu-Cobsccomp182p-014Tests.xctest */;
			productType = "com.apple.product-type.bundle.unit-test";
		};
		07C4F37C23F88DD800A9C4BE /* Poshitha Ravindu-Cobsccomp182p-014UITests */ = {
			isa = PBXNativeTarget;
			buildConfigurationList = 07C4F38C23F88DD800A9C4BE /* Build configuration list for PBXNativeTarget "Poshitha Ravindu-Cobsccomp182p-014UITests" */;
			buildPhases = (
				FD6C5BF0B5304C9AC4D7066A /* [CP] Check Pods Manifest.lock */,
				07C4F37923F88DD800A9C4BE /* Sources */,
				07C4F37A23F88DD800A9C4BE /* Frameworks */,
				07C4F37B23F88DD800A9C4BE /* Resources */,
				EA676768C937A632B81F827C /* [CP] Embed Pods Frameworks */,
			);
			buildRules = (
			);
			dependencies = (
				07C4F37F23F88DD800A9C4BE /* PBXTargetDependency */,
			);
			name = "Poshitha Ravindu-Cobsccomp182p-014UITests";
			productName = "Poshitha Ravindu-Cobsccomp182p-014UITests";
			productReference = 07C4F37D23F88DD800A9C4BE /* Poshitha Ravindu-Cobsccomp182p-014UITests.xctest */;
			productType = "com.apple.product-type.bundle.ui-testing";
		};
/* End PBXNativeTarget section */

/* Begin PBXProject section */
		07C4F35623F88DD500A9C4BE /* Project object */ = {
			isa = PBXProject;
			attributes = {
				LastSwiftUpdateCheck = 1030;
				LastUpgradeCheck = 1030;
				ORGANIZATIONNAME = NIBM;
				TargetAttributes = {
					07C4F35D23F88DD500A9C4BE = {
						CreatedOnToolsVersion = 10.3;
					};
					07C4F37123F88DD800A9C4BE = {
						CreatedOnToolsVersion = 10.3;
						TestTargetID = 07C4F35D23F88DD500A9C4BE;
					};
					07C4F37C23F88DD800A9C4BE = {
						CreatedOnToolsVersion = 10.3;
						TestTargetID = 07C4F35D23F88DD500A9C4BE;
					};
				};
			};
			buildConfigurationList = 07C4F35923F88DD500A9C4BE /* Build configuration list for PBXProject "Poshitha Ravindu-Cobsccomp182p-014" */;
			compatibilityVersion = "Xcode 9.3";
			developmentRegion = en;
			hasScannedForEncodings = 0;
			knownRegions = (
				en,
				Base,
			);
			mainGroup = 07C4F35523F88DD500A9C4BE;
			productRefGroup = 07C4F35F23F88DD500A9C4BE /* Products */;
			projectDirPath = "";
			projectRoot = "";
			targets = (
				07C4F35D23F88DD500A9C4BE /* Poshitha Ravindu-Cobsccomp182p-014 */,
				07C4F37123F88DD800A9C4BE /* Poshitha Ravindu-Cobsccomp182p-014Tests */,
				07C4F37C23F88DD800A9C4BE /* Poshitha Ravindu-Cobsccomp182p-014UITests */,
			);
		};
/* End PBXProject section */

/* Begin PBXResourcesBuildPhase section */
		07C4F35C23F88DD500A9C4BE /* Resources */ = {
			isa = PBXResourcesBuildPhase;
			buildActionMask = 2147483647;
			files = (
				070FAEC123FB77B80075BF0B /* Profile.storyboard in Resources */,
				07C4F36C23F88DD700A9C4BE /* LaunchScreen.storyboard in Resources */,
				07D1FE282401A8410038D2ED /* ForgotPasswordViewController.xib in Resources */,
				07C4F36923F88DD700A9C4BE /* Assets.xcassets in Resources */,
				07D1FE2E24025BA10038D2ED /* EventTableViewCell.xib in Resources */,
				07C4F36723F88DD500A9C4BE /* Login.storyboard in Resources */,
				0708AAD123FAF4F600E2F238 /* Home.storyboard in Resources */,
				07ABF1242401333700E83479 /* GoogleService-Info.plist in Resources */,
			);
			runOnlyForDeploymentPostprocessing = 0;
		};
		07C4F37023F88DD800A9C4BE /* Resources */ = {
			isa = PBXResourcesBuildPhase;
			buildActionMask = 2147483647;
			files = (
			);
			runOnlyForDeploymentPostprocessing = 0;
		};
		07C4F37B23F88DD800A9C4BE /* Resources */ = {
			isa = PBXResourcesBuildPhase;
			buildActionMask = 2147483647;
			files = (
			);
			runOnlyForDeploymentPostprocessing = 0;
		};
/* End PBXResourcesBuildPhase section */

/* Begin PBXShellScriptBuildPhase section */
		2C726BBF5A73E6281491C92D /* [CP] Check Pods Manifest.lock */ = {
			isa = PBXShellScriptBuildPhase;
			buildActionMask = 2147483647;
			files = (
			);
			inputFileListPaths = (
			);
			inputPaths = (
				"${PODS_PODFILE_DIR_PATH}/Podfile.lock",
				"${PODS_ROOT}/Manifest.lock",
			);
			name = "[CP] Check Pods Manifest.lock";
			outputFileListPaths = (
			);
			outputPaths = (
				"$(DERIVED_FILE_DIR)/Pods-Poshitha Ravindu-Cobsccomp182p-014Tests-checkManifestLockResult.txt",
			);
			runOnlyForDeploymentPostprocessing = 0;
			shellPath = /bin/sh;
			shellScript = "diff \"${PODS_PODFILE_DIR_PATH}/Podfile.lock\" \"${PODS_ROOT}/Manifest.lock\" > /dev/null\nif [ $? != 0 ] ; then\n    # print error to STDERR\n    echo \"error: The sandbox is not in sync with the Podfile.lock. Run 'pod install' or update your CocoaPods installation.\" >&2\n    exit 1\nfi\n# This output is used by Xcode 'outputs' to avoid re-running this script phase.\necho \"SUCCESS\" > \"${SCRIPT_OUTPUT_FILE_0}\"\n";
			showEnvVarsInLog = 0;
		};
		41F47408F94BCC22D301210D /* [CP] Check Pods Manifest.lock */ = {
			isa = PBXShellScriptBuildPhase;
			buildActionMask = 2147483647;
			files = (
			);
			inputFileListPaths = (
			);
			inputPaths = (
				"${PODS_PODFILE_DIR_PATH}/Podfile.lock",
				"${PODS_ROOT}/Manifest.lock",
			);
			name = "[CP] Check Pods Manifest.lock";
			outputFileListPaths = (
			);
			outputPaths = (
				"$(DERIVED_FILE_DIR)/Pods-Poshitha Ravindu-Cobsccomp182p-014-checkManifestLockResult.txt",
			);
			runOnlyForDeploymentPostprocessing = 0;
			shellPath = /bin/sh;
			shellScript = "diff \"${PODS_PODFILE_DIR_PATH}/Podfile.lock\" \"${PODS_ROOT}/Manifest.lock\" > /dev/null\nif [ $? != 0 ] ; then\n    # print error to STDERR\n    echo \"error: The sandbox is not in sync with the Podfile.lock. Run 'pod install' or update your CocoaPods installation.\" >&2\n    exit 1\nfi\n# This output is used by Xcode 'outputs' to avoid re-running this script phase.\necho \"SUCCESS\" > \"${SCRIPT_OUTPUT_FILE_0}\"\n";
			showEnvVarsInLog = 0;
		};
		931CF7793C7F6F3843840B2D /* [CP] Embed Pods Frameworks */ = {
			isa = PBXShellScriptBuildPhase;
			buildActionMask = 2147483647;
			files = (
			);
			inputFileListPaths = (
				"${PODS_ROOT}/Target Support Files/Pods-Poshitha Ravindu-Cobsccomp182p-014/Pods-Poshitha Ravindu-Cobsccomp182p-014-frameworks-${CONFIGURATION}-input-files.xcfilelist",
			);
			name = "[CP] Embed Pods Frameworks";
			outputFileListPaths = (
				"${PODS_ROOT}/Target Support Files/Pods-Poshitha Ravindu-Cobsccomp182p-014/Pods-Poshitha Ravindu-Cobsccomp182p-014-frameworks-${CONFIGURATION}-output-files.xcfilelist",
			);
			runOnlyForDeploymentPostprocessing = 0;
			shellPath = /bin/sh;
			shellScript = "\"${PODS_ROOT}/Target Support Files/Pods-Poshitha Ravindu-Cobsccomp182p-014/Pods-Poshitha Ravindu-Cobsccomp182p-014-frameworks.sh\"\n";
			showEnvVarsInLog = 0;
		};
		EA676768C937A632B81F827C /* [CP] Embed Pods Frameworks */ = {
			isa = PBXShellScriptBuildPhase;
			buildActionMask = 2147483647;
			files = (
			);
			inputFileListPaths = (
				"${PODS_ROOT}/Target Support Files/Pods-Poshitha Ravindu-Cobsccomp182p-014-Poshitha Ravindu-Cobsccomp182p-014UITests/Pods-Poshitha Ravindu-Cobsccomp182p-014-Poshitha Ravindu-Cobsccomp182p-014UITests-frameworks-${CONFIGURATION}-input-files.xcfilelist",
			);
			name = "[CP] Embed Pods Frameworks";
			outputFileListPaths = (
				"${PODS_ROOT}/Target Support Files/Pods-Poshitha Ravindu-Cobsccomp182p-014-Poshitha Ravindu-Cobsccomp182p-014UITests/Pods-Poshitha Ravindu-Cobsccomp182p-014-Poshitha Ravindu-Cobsccomp182p-014UITests-frameworks-${CONFIGURATION}-output-files.xcfilelist",
			);
			runOnlyForDeploymentPostprocessing = 0;
			shellPath = /bin/sh;
			shellScript = "\"${PODS_ROOT}/Target Support Files/Pods-Poshitha Ravindu-Cobsccomp182p-014-Poshitha Ravindu-Cobsccomp182p-014UITests/Pods-Poshitha Ravindu-Cobsccomp182p-014-Poshitha Ravindu-Cobsccomp182p-014UITests-frameworks.sh\"\n";
			showEnvVarsInLog = 0;
		};
		FD6C5BF0B5304C9AC4D7066A /* [CP] Check Pods Manifest.lock */ = {
			isa = PBXShellScriptBuildPhase;
			buildActionMask = 2147483647;
			files = (
			);
			inputFileListPaths = (
			);
			inputPaths = (
				"${PODS_PODFILE_DIR_PATH}/Podfile.lock",
				"${PODS_ROOT}/Manifest.lock",
			);
			name = "[CP] Check Pods Manifest.lock";
			outputFileListPaths = (
			);
			outputPaths = (
				"$(DERIVED_FILE_DIR)/Pods-Poshitha Ravindu-Cobsccomp182p-014-Poshitha Ravindu-Cobsccomp182p-014UITests-checkManifestLockResult.txt",
			);
			runOnlyForDeploymentPostprocessing = 0;
			shellPath = /bin/sh;
			shellScript = "diff \"${PODS_PODFILE_DIR_PATH}/Podfile.lock\" \"${PODS_ROOT}/Manifest.lock\" > /dev/null\nif [ $? != 0 ] ; then\n    # print error to STDERR\n    echo \"error: The sandbox is not in sync with the Podfile.lock. Run 'pod install' or update your CocoaPods installation.\" >&2\n    exit 1\nfi\n# This output is used by Xcode 'outputs' to avoid re-running this script phase.\necho \"SUCCESS\" > \"${SCRIPT_OUTPUT_FILE_0}\"\n";
			showEnvVarsInLog = 0;
		};
/* End PBXShellScriptBuildPhase section */

/* Begin PBXSourcesBuildPhase section */
		07C4F35A23F88DD500A9C4BE /* Sources */ = {
			isa = PBXSourcesBuildPhase;
			buildActionMask = 2147483647;
			files = (
				07D1FE2D24025BA10038D2ED /* EventTableViewCell.swift in Sources */,
				07C7DB8623FD5E1800E7356E /* User.swift in Sources */,
				07D1FE20240174150038D2ED /* Constants.swift in Sources */,
				07576A672406AC3F00B3F313 /* CreateNewEventViewController.swift in Sources */,
				07C4F36223F88DD500A9C4BE /* AppDelegate.swift in Sources */,
				07C7DB7D23FD576D00E7356E /* RegisterViewController.swift in Sources */,
				07576A652405817500B3F313 /* MyEventViewController.swift in Sources */,
				07C7DB8023FD58B200E7356E /* SignInViewController.swift in Sources */,
				07ABF12224012CAB00E83479 /* Extensions.swift in Sources */,
				07D1FE23240180080038D2ED /* RoundedView.swift in Sources */,
				07BE8589240A64F100EE97AE /* EditProfileViewController.swift in Sources */,
				07D1FE272401A8410038D2ED /* ForgotPasswordViewController.swift in Sources */,
				07D1FE2A2401B9740038D2ED /* FirebaseUtils.swift in Sources */,
				07D1FE302402A76B0038D2ED /* ProfileViewController.swift in Sources */,
				07C7DB8B23FD6D6400E7356E /* Event.swift in Sources */,
				07C7DB8D23FDA98C00E7356E /* HomeViewController.swift in Sources */,
			);
			runOnlyForDeploymentPostprocessing = 0;
		};
		07C4F36E23F88DD800A9C4BE /* Sources */ = {
			isa = PBXSourcesBuildPhase;
			buildActionMask = 2147483647;
			files = (
				07C4F37723F88DD800A9C4BE /* Poshitha_Ravindu_Cobsccomp182p_014Tests.swift in Sources */,
			);
			runOnlyForDeploymentPostprocessing = 0;
		};
		07C4F37923F88DD800A9C4BE /* Sources */ = {
			isa = PBXSourcesBuildPhase;
			buildActionMask = 2147483647;
			files = (
				07C4F38223F88DD800A9C4BE /* Poshitha_Ravindu_Cobsccomp182p_014UITests.swift in Sources */,
			);
			runOnlyForDeploymentPostprocessing = 0;
		};
/* End PBXSourcesBuildPhase section */

/* Begin PBXTargetDependency section */
		07C4F37423F88DD800A9C4BE /* PBXTargetDependency */ = {
			isa = PBXTargetDependency;
			target = 07C4F35D23F88DD500A9C4BE /* Poshitha Ravindu-Cobsccomp182p-014 */;
			targetProxy = 07C4F37323F88DD800A9C4BE /* PBXContainerItemProxy */;
		};
		07C4F37F23F88DD800A9C4BE /* PBXTargetDependency */ = {
			isa = PBXTargetDependency;
			target = 07C4F35D23F88DD500A9C4BE /* Poshitha Ravindu-Cobsccomp182p-014 */;
			targetProxy = 07C4F37E23F88DD800A9C4BE /* PBXContainerItemProxy */;
		};
/* End PBXTargetDependency section */

/* Begin PBXVariantGroup section */
		07C4F36523F88DD500A9C4BE /* Login.storyboard */ = {
			isa = PBXVariantGroup;
			children = (
				07C4F36623F88DD500A9C4BE /* Base */,
			);
			name = Login.storyboard;
			sourceTree = "<group>";
		};
		07C4F36A23F88DD700A9C4BE /* LaunchScreen.storyboard */ = {
			isa = PBXVariantGroup;
			children = (
				07C4F36B23F88DD700A9C4BE /* Base */,
			);
			name = LaunchScreen.storyboard;
			sourceTree = "<group>";
		};
/* End PBXVariantGroup section */

/* Begin XCBuildConfiguration section */
		07C4F38423F88DD800A9C4BE /* Debug */ = {
			isa = XCBuildConfiguration;
			buildSettings = {
				ALWAYS_SEARCH_USER_PATHS = NO;
				CLANG_ANALYZER_NONNULL = YES;
				CLANG_ANALYZER_NUMBER_OBJECT_CONVERSION = YES_AGGRESSIVE;
				CLANG_CXX_LANGUAGE_STANDARD = "gnu++14";
				CLANG_CXX_LIBRARY = "libc++";
				CLANG_ENABLE_MODULES = YES;
				CLANG_ENABLE_OBJC_ARC = YES;
				CLANG_ENABLE_OBJC_WEAK = YES;
				CLANG_WARN_BLOCK_CAPTURE_AUTORELEASING = YES;
				CLANG_WARN_BOOL_CONVERSION = YES;
				CLANG_WARN_COMMA = YES;
				CLANG_WARN_CONSTANT_CONVERSION = YES;
				CLANG_WARN_DEPRECATED_OBJC_IMPLEMENTATIONS = YES;
				CLANG_WARN_DIRECT_OBJC_ISA_USAGE = YES_ERROR;
				CLANG_WARN_DOCUMENTATION_COMMENTS = YES;
				CLANG_WARN_EMPTY_BODY = YES;
				CLANG_WARN_ENUM_CONVERSION = YES;
				CLANG_WARN_INFINITE_RECURSION = YES;
				CLANG_WARN_INT_CONVERSION = YES;
				CLANG_WARN_NON_LITERAL_NULL_CONVERSION = YES;
				CLANG_WARN_OBJC_IMPLICIT_RETAIN_SELF = YES;
				CLANG_WARN_OBJC_LITERAL_CONVERSION = YES;
				CLANG_WARN_OBJC_ROOT_CLASS = YES_ERROR;
				CLANG_WARN_RANGE_LOOP_ANALYSIS = YES;
				CLANG_WARN_STRICT_PROTOTYPES = YES;
				CLANG_WARN_SUSPICIOUS_MOVE = YES;
				CLANG_WARN_UNGUARDED_AVAILABILITY = YES_AGGRESSIVE;
				CLANG_WARN_UNREACHABLE_CODE = YES;
				CLANG_WARN__DUPLICATE_METHOD_MATCH = YES;
				CODE_SIGN_IDENTITY = "iPhone Developer";
				COPY_PHASE_STRIP = NO;
				DEBUG_INFORMATION_FORMAT = dwarf;
				ENABLE_STRICT_OBJC_MSGSEND = YES;
				ENABLE_TESTABILITY = YES;
				GCC_C_LANGUAGE_STANDARD = gnu11;
				GCC_DYNAMIC_NO_PIC = NO;
				GCC_NO_COMMON_BLOCKS = YES;
				GCC_OPTIMIZATION_LEVEL = 0;
				GCC_PREPROCESSOR_DEFINITIONS = (
					"DEBUG=1",
					"$(inherited)",
				);
				GCC_WARN_64_TO_32_BIT_CONVERSION = YES;
				GCC_WARN_ABOUT_RETURN_TYPE = YES_ERROR;
				GCC_WARN_UNDECLARED_SELECTOR = YES;
				GCC_WARN_UNINITIALIZED_AUTOS = YES_AGGRESSIVE;
				GCC_WARN_UNUSED_FUNCTION = YES;
				GCC_WARN_UNUSED_VARIABLE = YES;
				IPHONEOS_DEPLOYMENT_TARGET = 12.4;
				MTL_ENABLE_DEBUG_INFO = INCLUDE_SOURCE;
				MTL_FAST_MATH = YES;
				ONLY_ACTIVE_ARCH = YES;
				SDKROOT = iphoneos;
				SWIFT_ACTIVE_COMPILATION_CONDITIONS = DEBUG;
				SWIFT_OPTIMIZATION_LEVEL = "-Onone";
			};
			name = Debug;
		};
		07C4F38523F88DD800A9C4BE /* Release */ = {
			isa = XCBuildConfiguration;
			buildSettings = {
				ALWAYS_SEARCH_USER_PATHS = NO;
				CLANG_ANALYZER_NONNULL = YES;
				CLANG_ANALYZER_NUMBER_OBJECT_CONVERSION = YES_AGGRESSIVE;
				CLANG_CXX_LANGUAGE_STANDARD = "gnu++14";
				CLANG_CXX_LIBRARY = "libc++";
				CLANG_ENABLE_MODULES = YES;
				CLANG_ENABLE_OBJC_ARC = YES;
				CLANG_ENABLE_OBJC_WEAK = YES;
				CLANG_WARN_BLOCK_CAPTURE_AUTORELEASING = YES;
				CLANG_WARN_BOOL_CONVERSION = YES;
				CLANG_WARN_COMMA = YES;
				CLANG_WARN_CONSTANT_CONVERSION = YES;
				CLANG_WARN_DEPRECATED_OBJC_IMPLEMENTATIONS = YES;
				CLANG_WARN_DIRECT_OBJC_ISA_USAGE = YES_ERROR;
				CLANG_WARN_DOCUMENTATION_COMMENTS = YES;
				CLANG_WARN_EMPTY_BODY = YES;
				CLANG_WARN_ENUM_CONVERSION = YES;
				CLANG_WARN_INFINITE_RECURSION = YES;
				CLANG_WARN_INT_CONVERSION = YES;
				CLANG_WARN_NON_LITERAL_NULL_CONVERSION = YES;
				CLANG_WARN_OBJC_IMPLICIT_RETAIN_SELF = YES;
				CLANG_WARN_OBJC_LITERAL_CONVERSION = YES;
				CLANG_WARN_OBJC_ROOT_CLASS = YES_ERROR;
				CLANG_WARN_RANGE_LOOP_ANALYSIS = YES;
				CLANG_WARN_STRICT_PROTOTYPES = YES;
				CLANG_WARN_SUSPICIOUS_MOVE = YES;
				CLANG_WARN_UNGUARDED_AVAILABILITY = YES_AGGRESSIVE;
				CLANG_WARN_UNREACHABLE_CODE = YES;
				CLANG_WARN__DUPLICATE_METHOD_MATCH = YES;
				CODE_SIGN_IDENTITY = "iPhone Developer";
				COPY_PHASE_STRIP = NO;
				DEBUG_INFORMATION_FORMAT = "dwarf-with-dsym";
				ENABLE_NS_ASSERTIONS = NO;
				ENABLE_STRICT_OBJC_MSGSEND = YES;
				GCC_C_LANGUAGE_STANDARD = gnu11;
				GCC_NO_COMMON_BLOCKS = YES;
				GCC_WARN_64_TO_32_BIT_CONVERSION = YES;
				GCC_WARN_ABOUT_RETURN_TYPE = YES_ERROR;
				GCC_WARN_UNDECLARED_SELECTOR = YES;
				GCC_WARN_UNINITIALIZED_AUTOS = YES_AGGRESSIVE;
				GCC_WARN_UNUSED_FUNCTION = YES;
				GCC_WARN_UNUSED_VARIABLE = YES;
				IPHONEOS_DEPLOYMENT_TARGET = 12.4;
				MTL_ENABLE_DEBUG_INFO = NO;
				MTL_FAST_MATH = YES;
				SDKROOT = iphoneos;
				SWIFT_COMPILATION_MODE = wholemodule;
				SWIFT_OPTIMIZATION_LEVEL = "-O";
				VALIDATE_PRODUCT = YES;
			};
			name = Release;
		};
		07C4F38723F88DD800A9C4BE /* Debug */ = {
			isa = XCBuildConfiguration;
			baseConfigurationReference = EF211736AF9E7C874B510064 /* Pods-Poshitha Ravindu-Cobsccomp182p-014.debug.xcconfig */;
			buildSettings = {
				ASSETCATALOG_COMPILER_APPICON_NAME = AppIcon;
				CODE_SIGN_STYLE = Automatic;
				DEVELOPMENT_TEAM = "";
				INFOPLIST_FILE = "$(SRCROOT)/Poshitha Ravindu-Cobsccomp182p-014/SupportingFiles/Info.plist";
				IPHONEOS_DEPLOYMENT_TARGET = 10.0;
				LD_RUNPATH_SEARCH_PATHS = (
					"$(inherited)",
					"@executable_path/Frameworks",
				);
				PRODUCT_BUNDLE_IDENTIFIER = com.nibm.lk;
				PRODUCT_NAME = "$(TARGET_NAME)";
				SWIFT_VERSION = 5.0;
				TARGETED_DEVICE_FAMILY = "1,2";
			};
			name = Debug;
		};
		07C4F38823F88DD800A9C4BE /* Release */ = {
			isa = XCBuildConfiguration;
			baseConfigurationReference = 6084853CAC0D3D3716FB806E /* Pods-Poshitha Ravindu-Cobsccomp182p-014.release.xcconfig */;
			buildSettings = {
				ASSETCATALOG_COMPILER_APPICON_NAME = AppIcon;
				CODE_SIGN_STYLE = Automatic;
				DEVELOPMENT_TEAM = "";
				INFOPLIST_FILE = "$(SRCROOT)/Poshitha Ravindu-Cobsccomp182p-014/SupportingFiles/Info.plist";
				IPHONEOS_DEPLOYMENT_TARGET = 10.0;
				LD_RUNPATH_SEARCH_PATHS = (
					"$(inherited)",
					"@executable_path/Frameworks",
				);
				PRODUCT_BUNDLE_IDENTIFIER = com.nibm.lk;
				PRODUCT_NAME = "$(TARGET_NAME)";
				SWIFT_VERSION = 5.0;
				TARGETED_DEVICE_FAMILY = "1,2";
			};
			name = Release;
		};
		07C4F38A23F88DD800A9C4BE /* Debug */ = {
			isa = XCBuildConfiguration;
			baseConfigurationReference = B3107F379D1306B7595A387D /* Pods-Poshitha Ravindu-Cobsccomp182p-014Tests.debug.xcconfig */;
			buildSettings = {
				ALWAYS_EMBED_SWIFT_STANDARD_LIBRARIES = YES;
				BUNDLE_LOADER = "$(TEST_HOST)";
				CODE_SIGN_STYLE = Automatic;
				INFOPLIST_FILE = "Poshitha Ravindu-Cobsccomp182p-014Tests/Info.plist";
				LD_RUNPATH_SEARCH_PATHS = (
					"$(inherited)",
					"@executable_path/Frameworks",
					"@loader_path/Frameworks",
				);
				PRODUCT_BUNDLE_IDENTIFIER = "com.nibm.lk.Poshitha-Ravindu-Cobsccomp182p-014Tests";
				PRODUCT_NAME = "$(TARGET_NAME)";
				SWIFT_VERSION = 5.0;
				TARGETED_DEVICE_FAMILY = "1,2";
				TEST_HOST = "$(BUILT_PRODUCTS_DIR)/Poshitha Ravindu-Cobsccomp182p-014.app/Poshitha Ravindu-Cobsccomp182p-014";
			};
			name = Debug;
		};
		07C4F38B23F88DD800A9C4BE /* Release */ = {
			isa = XCBuildConfiguration;
			baseConfigurationReference = E1F87E79F3A9E2770601B1C7 /* Pods-Poshitha Ravindu-Cobsccomp182p-014Tests.release.xcconfig */;
			buildSettings = {
				ALWAYS_EMBED_SWIFT_STANDARD_LIBRARIES = YES;
				BUNDLE_LOADER = "$(TEST_HOST)";
				CODE_SIGN_STYLE = Automatic;
				INFOPLIST_FILE = "Poshitha Ravindu-Cobsccomp182p-014Tests/Info.plist";
				LD_RUNPATH_SEARCH_PATHS = (
					"$(inherited)",
					"@executable_path/Frameworks",
					"@loader_path/Frameworks",
				);
				PRODUCT_BUNDLE_IDENTIFIER = "com.nibm.lk.Poshitha-Ravindu-Cobsccomp182p-014Tests";
				PRODUCT_NAME = "$(TARGET_NAME)";
				SWIFT_VERSION = 5.0;
				TARGETED_DEVICE_FAMILY = "1,2";
				TEST_HOST = "$(BUILT_PRODUCTS_DIR)/Poshitha Ravindu-Cobsccomp182p-014.app/Poshitha Ravindu-Cobsccomp182p-014";
			};
			name = Release;
		};
		07C4F38D23F88DD800A9C4BE /* Debug */ = {
			isa = XCBuildConfiguration;
			baseConfigurationReference = D684E004107D56ECDBAD307C /* Pods-Poshitha Ravindu-Cobsccomp182p-014-Poshitha Ravindu-Cobsccomp182p-014UITests.debug.xcconfig */;
			buildSettings = {
				ALWAYS_EMBED_SWIFT_STANDARD_LIBRARIES = YES;
				CODE_SIGN_STYLE = Automatic;
				INFOPLIST_FILE = "Poshitha Ravindu-Cobsccomp182p-014UITests/Info.plist";
				LD_RUNPATH_SEARCH_PATHS = (
					"$(inherited)",
					"@executable_path/Frameworks",
					"@loader_path/Frameworks",
				);
				PRODUCT_BUNDLE_IDENTIFIER = "com.nibm.lk.Poshitha-Ravindu-Cobsccomp182p-014UITests";
				PRODUCT_NAME = "$(TARGET_NAME)";
				SWIFT_VERSION = 5.0;
				TARGETED_DEVICE_FAMILY = "1,2";
				TEST_TARGET_NAME = "Poshitha Ravindu-Cobsccomp182p-014";
			};
			name = Debug;
		};
		07C4F38E23F88DD800A9C4BE /* Release */ = {
			isa = XCBuildConfiguration;
			baseConfigurationReference = 95A6D908940E80409403BC70 /* Pods-Poshitha Ravindu-Cobsccomp182p-014-Poshitha Ravindu-Cobsccomp182p-014UITests.release.xcconfig */;
			buildSettings = {
				ALWAYS_EMBED_SWIFT_STANDARD_LIBRARIES = YES;
				CODE_SIGN_STYLE = Automatic;
				INFOPLIST_FILE = "Poshitha Ravindu-Cobsccomp182p-014UITests/Info.plist";
				LD_RUNPATH_SEARCH_PATHS = (
					"$(inherited)",
					"@executable_path/Frameworks",
					"@loader_path/Frameworks",
				);
				PRODUCT_BUNDLE_IDENTIFIER = "com.nibm.lk.Poshitha-Ravindu-Cobsccomp182p-014UITests";
				PRODUCT_NAME = "$(TARGET_NAME)";
				SWIFT_VERSION = 5.0;
				TARGETED_DEVICE_FAMILY = "1,2";
				TEST_TARGET_NAME = "Poshitha Ravindu-Cobsccomp182p-014";
			};
			name = Release;
		};
/* End XCBuildConfiguration section */

/* Begin XCConfigurationList section */
		07C4F35923F88DD500A9C4BE /* Build configuration list for PBXProject "Poshitha Ravindu-Cobsccomp182p-014" */ = {
			isa = XCConfigurationList;
			buildConfigurations = (
				07C4F38423F88DD800A9C4BE /* Debug */,
				07C4F38523F88DD800A9C4BE /* Release */,
			);
			defaultConfigurationIsVisible = 0;
			defaultConfigurationName = Release;
		};
		07C4F38623F88DD800A9C4BE /* Build configuration list for PBXNativeTarget "Poshitha Ravindu-Cobsccomp182p-014" */ = {
			isa = XCConfigurationList;
			buildConfigurations = (
				07C4F38723F88DD800A9C4BE /* Debug */,
				07C4F38823F88DD800A9C4BE /* Release */,
			);
			defaultConfigurationIsVisible = 0;
			defaultConfigurationName = Release;
		};
		07C4F38923F88DD800A9C4BE /* Build configuration list for PBXNativeTarget "Poshitha Ravindu-Cobsccomp182p-014Tests" */ = {
			isa = XCConfigurationList;
			buildConfigurations = (
				07C4F38A23F88DD800A9C4BE /* Debug */,
				07C4F38B23F88DD800A9C4BE /* Release */,
			);
			defaultConfigurationIsVisible = 0;
			defaultConfigurationName = Release;
		};
		07C4F38C23F88DD800A9C4BE /* Build configuration list for PBXNativeTarget "Poshitha Ravindu-Cobsccomp182p-014UITests" */ = {
			isa = XCConfigurationList;
			buildConfigurations = (
				07C4F38D23F88DD800A9C4BE /* Debug */,
				07C4F38E23F88DD800A9C4BE /* Release */,
			);
			defaultConfigurationIsVisible = 0;
			defaultConfigurationName = Release;
		};
/* End XCConfigurationList section */
	};
	rootObject = 07C4F35623F88DD500A9C4BE /* Project object */;
}
